
Microsoft Visual Studio Solution File, Format Version 12.00
# Visual Studio Version 17
VisualStudioVersion = 17.5.33627.172
MinimumVisualStudioVersion = 10.0.40219.1
Project("{9A19103F-16F7-4668-BE54-9A1E7A4F7556}") = "online-shopping-app", "online-shopping-app\online-shopping-app.csproj", "{BFC1F0DA-E82A-4258-8CD5-157BCBE21752}"
EndProject
Project("{E53339B2-1760-4266-BCC7-CA923CBCF16C}") = "docker-compose", "docker-compose.dcproj", "{4B823F93-CBB1-460F-8956-B8AD68B1C9B9}"
EndProject
Global
	GlobalSection(SolutionConfigurationPlatforms) = preSolution
		Debug|Any CPU = Debug|Any CPU
		Release|Any CPU = Release|Any CPU
	EndGlobalSection
	GlobalSection(ProjectConfigurationPlatforms) = postSolution
		{BFC1F0DA-E82A-4258-8CD5-157BCBE21752}.Debug|Any CPU.ActiveCfg = Debug|Any CPU
		{BFC1F0DA-E82A-4258-8CD5-157BCBE21752}.Debug|Any CPU.Build.0 = Debug|Any CPU
		{BFC1F0DA-E82A-4258-8CD5-157BCBE21752}.Release|Any CPU.ActiveCfg = Release|Any CPU
		{BFC1F0DA-E82A-4258-8CD5-157BCBE21752}.Release|Any CPU.Build.0 = Release|Any CPU
		{4B823F93-CBB1-460F-8956-B8AD68B1C9B9}.Debug|Any CPU.ActiveCfg = Debug|Any CPU
		{4B823F93-CBB1-460F-8956-B8AD68B1C9B9}.Debug|Any CPU.Build.0 = Debug|Any CPU
		{4B823F93-CBB1-460F-8956-B8AD68B1C9B9}.Release|Any CPU.ActiveCfg = Release|Any CPU
		{4B823F93-CBB1-460F-8956-B8AD68B1C9B9}.Release|Any CPU.Build.0 = Release|Any CPU
	EndGlobalSection
	GlobalSection(SolutionProperties) = preSolution
		HideSolutionNode = FALSE
	EndGlobalSection
	GlobalSection(ExtensibilityGlobals) = postSolution
		SolutionGuid = {2CDCDF0D-4897-4F22-9E1E-45FB4B2D78A3}
	EndGlobalSection
EndGlobal
